
Microsoft Visual Studio Solution File, Format Version 12.00
# Visual Studio 2013
VisualStudioVersion = 12.0.21005.1
MinimumVisualStudioVersion = 10.0.40219.1
Project("{FAE04EC0-301F-11D3-BF4B-00C04F79EFBC}") = "PanDatafiles", "PanDatafiles\PanDatafiles.csproj", "{DA31991F-F87C-4DD6-B91A-EA519340AEEB}"
EndProject
Project("{FAE04EC0-301F-11D3-BF4B-00C04F79EFBC}") = "PanDatafilesConsole", "PanDatafilesConsole\PanDatafilesConsole.csproj", "{A2FF0BAA-65CF-486D-8207-47B69B4F9A70}"
EndProject
Global
	GlobalSection(SolutionConfigurationPlatforms) = preSolution
		Debug|Any CPU = Debug|Any CPU
		Release|Any CPU = Release|Any CPU
	EndGlobalSection
	GlobalSection(ProjectConfigurationPlatforms) = postSolution
		{DA31991F-F87C-4DD6-B91A-EA519340AEEB}.Debug|Any CPU.ActiveCfg = Debug|Any CPU
		{DA31991F-F87C-4DD6-B91A-EA519340AEEB}.Debug|Any CPU.Build.0 = Debug|Any CPU
		{DA31991F-F87C-4DD6-B91A-EA519340AEEB}.Release|Any CPU.ActiveCfg = Release|Any CPU
		{DA31991F-F87C-4DD6-B91A-EA519340AEEB}.Release|Any CPU.Build.0 = Release|Any CPU
		{A2FF0BAA-65CF-486D-8207-47B69B4F9A70}.Debug|Any CPU.ActiveCfg = Debug|Any CPU
		{A2FF0BAA-65CF-486D-8207-47B69B4F9A70}.Debug|Any CPU.Build.0 = Debug|Any CPU
		{A2FF0BAA-65CF-486D-8207-47B69B4F9A70}.Release|Any CPU.ActiveCfg = Release|Any CPU
		{A2FF0BAA-65CF-486D-8207-47B69B4F9A70}.Release|Any CPU.Build.0 = Release|Any CPU
	EndGlobalSection
	GlobalSection(SolutionProperties) = preSolution
		HideSolutionNode = FALSE
	EndGlobalSection
EndGlobal
